// !$*UTF8*$!
{
	archiveVersion = 1;
	classes = {
	};
	objectVersion = 46;
	objects = {

/* Begin PBXBuildFile section */
		2601533C1C2E50510035E758 /* CoreLocation.framework in Frameworks */ = {isa = PBXBuildFile; fileRef = 2601533B1C2E50510035E758 /* CoreLocation.framework */; };
		260153521C2F0A6C0035E758 /* Localizable.strings in Resources */ = {isa = PBXBuildFile; fileRef = 260153541C2F0A6C0035E758 /* Localizable.strings */; };
		2601535B1C31DBC40035E758 /* UmmAlQuraManager.m in Sources */ = {isa = PBXBuildFile; fileRef = 2601535A1C31DBC40035E758 /* UmmAlQuraManager.m */; };
		266A01FA1C2C8CDB00236507 /* AppConstants.m in Sources */ = {isa = PBXBuildFile; fileRef = 266A01F91C2C8CDB00236507 /* AppConstants.m */; };
		26DBCB6A1C8A7A9D00E7A325 /* GeoPointCompass.m in Sources */ = {isa = PBXBuildFile; fileRef = 26DBCB691C8A7A9D00E7A325 /* GeoPointCompass.m */; };
		26DBCB6D1C8A7F1000E7A325 /* LocationSettingsVC.m in Sources */ = {isa = PBXBuildFile; fileRef = 26DBCB6C1C8A7F1000E7A325 /* LocationSettingsVC.m */; };
		26DBCB711C8B312D00E7A325 /* SwitchCell.m in Sources */ = {isa = PBXBuildFile; fileRef = 26DBCB701C8B312D00E7A325 /* SwitchCell.m */; };
		26DBCB731C8B314C00E7A325 /* SwitchCell.xib in Resources */ = {isa = PBXBuildFile; fileRef = 26DBCB721C8B314C00E7A325 /* SwitchCell.xib */; };
		FA5D6B151C026C24006CD077 /* TestVC.m in Sources */ = {isa = PBXBuildFile; fileRef = FA5D6B141C026C24006CD077 /* TestVC.m */; };
		FA62C5FD1C4F9B30004DC048 /* DateVC.m in Sources */ = {isa = PBXBuildFile; fileRef = FA62C5FC1C4F9B30004DC048 /* DateVC.m */; };
		FA62C6151C4FD171004DC048 /* PrayTime.m in Sources */ = {isa = PBXBuildFile; fileRef = FA62C6141C4FD171004DC048 /* PrayTime.m */; };
		FA77306E1C43DB3900C7BEF7 /* UmmAlQuraUtilities.m in Sources */ = {isa = PBXBuildFile; fileRef = FA77306D1C43DB3900C7BEF7 /* UmmAlQuraUtilities.m */; };
		FA7730711C4CCCB500C7BEF7 /* QiblahVC.m in Sources */ = {isa = PBXBuildFile; fileRef = FA7730701C4CCCB500C7BEF7 /* QiblahVC.m */; };
		FAA61CFF1BF921A0001C450E /* main.m in Sources */ = {isa = PBXBuildFile; fileRef = FAA61CFE1BF921A0001C450E /* main.m */; };
		FAA61D021BF921A0001C450E /* AppDelegate.m in Sources */ = {isa = PBXBuildFile; fileRef = FAA61D011BF921A0001C450E /* AppDelegate.m */; };
		FAA61D051BF921A0001C450E /* UmmAlQuraVC.m in Sources */ = {isa = PBXBuildFile; fileRef = FAA61D041BF921A0001C450E /* UmmAlQuraVC.m */; };
		FAA61D081BF921A0001C450E /* Main.storyboard in Resources */ = {isa = PBXBuildFile; fileRef = FAA61D061BF921A0001C450E /* Main.storyboard */; };
		FAA61D0A1BF921A0001C450E /* Assets.xcassets in Resources */ = {isa = PBXBuildFile; fileRef = FAA61D091BF921A0001C450E /* Assets.xcassets */; };
		FAA61D0D1BF921A0001C450E /* LaunchScreen.storyboard in Resources */ = {isa = PBXBuildFile; fileRef = FAA61D0B1BF921A0001C450E /* LaunchScreen.storyboard */; };
		FAA61D181BF921A0001C450E /* UmmAlQuraTests.m in Sources */ = {isa = PBXBuildFile; fileRef = FAA61D171BF921A0001C450E /* UmmAlQuraTests.m */; };
		FAA61D231BF921A0001C450E /* UmmAlQuraUITests.m in Sources */ = {isa = PBXBuildFile; fileRef = FAA61D221BF921A0001C450E /* UmmAlQuraUITests.m */; };
/* End PBXBuildFile section */

/* Begin PBXContainerItemProxy section */
		FAA61D141BF921A0001C450E /* PBXContainerItemProxy */ = {
			isa = PBXContainerItemProxy;
			containerPortal = FAA61CF21BF921A0001C450E /* Project object */;
			proxyType = 1;
			remoteGlobalIDString = FAA61CF91BF921A0001C450E;
			remoteInfo = UmmAlQura;
		};
		FAA61D1F1BF921A0001C450E /* PBXContainerItemProxy */ = {
			isa = PBXContainerItemProxy;
			containerPortal = FAA61CF21BF921A0001C450E /* Project object */;
			proxyType = 1;
			remoteGlobalIDString = FAA61CF91BF921A0001C450E;
			remoteInfo = UmmAlQura;
		};
/* End PBXContainerItemProxy section */

/* Begin PBXFileReference section */
		2601533B1C2E50510035E758 /* CoreLocation.framework */ = {isa = PBXFileReference; lastKnownFileType = wrapper.framework; name = CoreLocation.framework; path = System/Library/Frameworks/CoreLocation.framework; sourceTree = SDKROOT; };
		260153581C2F3B030035E758 /* Base */ = {isa = PBXFileReference; lastKnownFileType = text.plist.strings; name = Base; path = Base.lproj/Localizable.strings; sourceTree = "<group>"; };
		260153591C31DBC40035E758 /* UmmAlQuraManager.h */ = {isa = PBXFileReference; fileEncoding = 4; lastKnownFileType = sourcecode.c.h; path = UmmAlQuraManager.h; sourceTree = "<group>"; };
		2601535A1C31DBC40035E758 /* UmmAlQuraManager.m */ = {isa = PBXFileReference; fileEncoding = 4; lastKnownFileType = sourcecode.c.objc; path = UmmAlQuraManager.m; sourceTree = "<group>"; };
		26425A651C3B032900549DB9 /* ar */ = {isa = PBXFileReference; lastKnownFileType = text.plist.strings; name = ar; path = ar.lproj/Localizable.strings; sourceTree = "<group>"; };
		266A01F81C2C8CDB00236507 /* AppConstants.h */ = {isa = PBXFileReference; fileEncoding = 4; lastKnownFileType = sourcecode.c.h; path = AppConstants.h; sourceTree = "<group>"; };
		266A01F91C2C8CDB00236507 /* AppConstants.m */ = {isa = PBXFileReference; fileEncoding = 4; lastKnownFileType = sourcecode.c.objc; path = AppConstants.m; sourceTree = "<group>"; };
		26DBCB681C8A7A9D00E7A325 /* GeoPointCompass.h */ = {isa = PBXFileReference; fileEncoding = 4; lastKnownFileType = sourcecode.c.h; path = GeoPointCompass.h; sourceTree = "<group>"; };
		26DBCB691C8A7A9D00E7A325 /* GeoPointCompass.m */ = {isa = PBXFileReference; fileEncoding = 4; lastKnownFileType = sourcecode.c.objc; path = GeoPointCompass.m; sourceTree = "<group>"; };
		26DBCB6B1C8A7F1000E7A325 /* LocationSettingsVC.h */ = {isa = PBXFileReference; fileEncoding = 4; lastKnownFileType = sourcecode.c.h; path = LocationSettingsVC.h; sourceTree = "<group>"; };
		26DBCB6C1C8A7F1000E7A325 /* LocationSettingsVC.m */ = {isa = PBXFileReference; fileEncoding = 4; lastKnownFileType = sourcecode.c.objc; path = LocationSettingsVC.m; sourceTree = "<group>"; };
		26DBCB6F1C8B312D00E7A325 /* SwitchCell.h */ = {isa = PBXFileReference; fileEncoding = 4; lastKnownFileType = sourcecode.c.h; path = SwitchCell.h; sourceTree = "<group>"; };
		26DBCB701C8B312D00E7A325 /* SwitchCell.m */ = {isa = PBXFileReference; fileEncoding = 4; lastKnownFileType = sourcecode.c.objc; path = SwitchCell.m; sourceTree = "<group>"; };
		26DBCB721C8B314C00E7A325 /* SwitchCell.xib */ = {isa = PBXFileReference; fileEncoding = 4; lastKnownFileType = file.xib; path = SwitchCell.xib; sourceTree = "<group>"; };
		FA5D6B131C026C24006CD077 /* TestVC.h */ = {isa = PBXFileReference; fileEncoding = 4; lastKnownFileType = sourcecode.c.h; path = TestVC.h; sourceTree = "<group>"; };
		FA5D6B141C026C24006CD077 /* TestVC.m */ = {isa = PBXFileReference; fileEncoding = 4; lastKnownFileType = sourcecode.c.objc; path = TestVC.m; sourceTree = "<group>"; };
		FA62C5FB1C4F9B30004DC048 /* DateVC.h */ = {isa = PBXFileReference; fileEncoding = 4; lastKnownFileType = sourcecode.c.h; path = DateVC.h; sourceTree = "<group>"; };
		FA62C5FC1C4F9B30004DC048 /* DateVC.m */ = {isa = PBXFileReference; fileEncoding = 4; lastKnownFileType = sourcecode.c.objc; path = DateVC.m; sourceTree = "<group>"; };
		FA62C6131C4FD171004DC048 /* PrayTime.h */ = {isa = PBXFileReference; fileEncoding = 4; lastKnownFileType = sourcecode.c.h; path = PrayTime.h; sourceTree = "<group>"; };
		FA62C6141C4FD171004DC048 /* PrayTime.m */ = {isa = PBXFileReference; fileEncoding = 4; lastKnownFileType = sourcecode.c.objc; path = PrayTime.m; sourceTree = "<group>"; };
		FA62C6171C50F93B004DC048 /* ar */ = {isa = PBXFileReference; lastKnownFileType = text.plist.strings; name = ar; path = ar.lproj/Main.strings; sourceTree = "<group>"; };
		FA77306C1C43DB3900C7BEF7 /* UmmAlQuraUtilities.h */ = {isa = PBXFileReference; fileEncoding = 4; lastKnownFileType = sourcecode.c.h; path = UmmAlQuraUtilities.h; sourceTree = "<group>"; };
		FA77306D1C43DB3900C7BEF7 /* UmmAlQuraUtilities.m */ = {isa = PBXFileReference; fileEncoding = 4; lastKnownFileType = sourcecode.c.objc; path = UmmAlQuraUtilities.m; sourceTree = "<group>"; };
		FA77306F1C4CCCB500C7BEF7 /* QiblahVC.h */ = {isa = PBXFileReference; fileEncoding = 4; lastKnownFileType = sourcecode.c.h; path = QiblahVC.h; sourceTree = "<group>"; };
		FA7730701C4CCCB500C7BEF7 /* QiblahVC.m */ = {isa = PBXFileReference; fileEncoding = 4; lastKnownFileType = sourcecode.c.objc; path = QiblahVC.m; sourceTree = "<group>"; };
		FAA61CFA1BF921A0001C450E /* UmmAlQura.app */ = {isa = PBXFileReference; explicitFileType = wrapper.application; includeInIndex = 0; path = UmmAlQura.app; sourceTree = BUILT_PRODUCTS_DIR; };
		FAA61CFE1BF921A0001C450E /* main.m */ = {isa = PBXFileReference; lastKnownFileType = sourcecode.c.objc; path = main.m; sourceTree = "<group>"; };
		FAA61D001BF921A0001C450E /* AppDelegate.h */ = {isa = PBXFileReference; lastKnownFileType = sourcecode.c.h; path = AppDelegate.h; sourceTree = "<group>"; };
		FAA61D011BF921A0001C450E /* AppDelegate.m */ = {isa = PBXFileReference; lastKnownFileType = sourcecode.c.objc; path = AppDelegate.m; sourceTree = "<group>"; };
		FAA61D031BF921A0001C450E /* UmmAlQuraVC.h */ = {isa = PBXFileReference; lastKnownFileType = sourcecode.c.h; path = UmmAlQuraVC.h; sourceTree = "<group>"; };
		FAA61D041BF921A0001C450E /* UmmAlQuraVC.m */ = {isa = PBXFileReference; lastKnownFileType = sourcecode.c.objc; path = UmmAlQuraVC.m; sourceTree = "<group>"; };
		FAA61D071BF921A0001C450E /* Base */ = {isa = PBXFileReference; lastKnownFileType = file.storyboard; name = Base; path = Base.lproj/Main.storyboard; sourceTree = "<group>"; };
		FAA61D091BF921A0001C450E /* Assets.xcassets */ = {isa = PBXFileReference; lastKnownFileType = folder.assetcatalog; path = Assets.xcassets; sourceTree = "<group>"; };
		FAA61D0C1BF921A0001C450E /* Base */ = {isa = PBXFileReference; lastKnownFileType = file.storyboard; name = Base; path = Base.lproj/LaunchScreen.storyboard; sourceTree = "<group>"; };
		FAA61D0E1BF921A0001C450E /* Info.plist */ = {isa = PBXFileReference; lastKnownFileType = text.plist.xml; path = Info.plist; sourceTree = "<group>"; };
		FAA61D131BF921A0001C450E /* UmmAlQuraTests.xctest */ = {isa = PBXFileReference; explicitFileType = wrapper.cfbundle; includeInIndex = 0; path = UmmAlQuraTests.xctest; sourceTree = BUILT_PRODUCTS_DIR; };
		FAA61D171BF921A0001C450E /* UmmAlQuraTests.m */ = {isa = PBXFileReference; lastKnownFileType = sourcecode.c.objc; path = UmmAlQuraTests.m; sourceTree = "<group>"; };
		FAA61D191BF921A0001C450E /* Info.plist */ = {isa = PBXFileReference; lastKnownFileType = text.plist.xml; path = Info.plist; sourceTree = "<group>"; };
		FAA61D1E1BF921A0001C450E /* UmmAlQuraUITests.xctest */ = {isa = PBXFileReference; explicitFileType = wrapper.cfbundle; includeInIndex = 0; path = UmmAlQuraUITests.xctest; sourceTree = BUILT_PRODUCTS_DIR; };
		FAA61D221BF921A0001C450E /* UmmAlQuraUITests.m */ = {isa = PBXFileReference; lastKnownFileType = sourcecode.c.objc; path = UmmAlQuraUITests.m; sourceTree = "<group>"; };
		FAA61D241BF921A0001C450E /* Info.plist */ = {isa = PBXFileReference; lastKnownFileType = text.plist.xml; path = Info.plist; sourceTree = "<group>"; };
/* End PBXFileReference section */

/* Begin PBXFrameworksBuildPhase section */
		FAA61CF71BF921A0001C450E /* Frameworks */ = {
			isa = PBXFrameworksBuildPhase;
			buildActionMask = 2147483647;
			files = (
				2601533C1C2E50510035E758 /* CoreLocation.framework in Frameworks */,
			);
			runOnlyForDeploymentPostprocessing = 0;
		};
		FAA61D101BF921A0001C450E /* Frameworks */ = {
			isa = PBXFrameworksBuildPhase;
			buildActionMask = 2147483647;
			files = (
			);
			runOnlyForDeploymentPostprocessing = 0;
		};
		FAA61D1B1BF921A0001C450E /* Frameworks */ = {
			isa = PBXFrameworksBuildPhase;
			buildActionMask = 2147483647;
			files = (
			);
			runOnlyForDeploymentPostprocessing = 0;
		};
/* End PBXFrameworksBuildPhase section */

/* Begin PBXGroup section */
		260153471C2F06DF0035E758 /* Libraries */ = {
			isa = PBXGroup;
			children = (
				26DBCB671C8A7A9D00E7A325 /* GeoPointCompass */,
				FA62C60C1C4FCAC8004DC048 /* PrayTimes */,
			);
			name = Libraries;
			sourceTree = "<group>";
		};
		26425A621C3AF44700549DB9 /* View */ = {
			isa = PBXGroup;
			children = (
				26DBCB6E1C8A808200E7A325 /* Cells */,
				FAA61D061BF921A0001C450E /* Main.storyboard */,
				FAA61D0B1BF921A0001C450E /* LaunchScreen.storyboard */,
			);
			name = View;
			sourceTree = "<group>";
		};
		26425A631C3AF46D00549DB9 /* Controller */ = {
			isa = PBXGroup;
			children = (
				FAA61D031BF921A0001C450E /* UmmAlQuraVC.h */,
				FAA61D041BF921A0001C450E /* UmmAlQuraVC.m */,
				FA5D6B131C026C24006CD077 /* TestVC.h */,
				FA5D6B141C026C24006CD077 /* TestVC.m */,
				FA77306F1C4CCCB500C7BEF7 /* QiblahVC.h */,
				FA7730701C4CCCB500C7BEF7 /* QiblahVC.m */,
				FA62C5FB1C4F9B30004DC048 /* DateVC.h */,
				FA62C5FC1C4F9B30004DC048 /* DateVC.m */,
				26DBCB6B1C8A7F1000E7A325 /* LocationSettingsVC.h */,
				26DBCB6C1C8A7F1000E7A325 /* LocationSettingsVC.m */,
			);
			name = Controller;
			sourceTree = "<group>";
		};
		26DBCB671C8A7A9D00E7A325 /* GeoPointCompass */ = {
			isa = PBXGroup;
			children = (
				26DBCB681C8A7A9D00E7A325 /* GeoPointCompass.h */,
				26DBCB691C8A7A9D00E7A325 /* GeoPointCompass.m */,
			);
			path = GeoPointCompass;
			sourceTree = "<group>";
		};
		26DBCB6E1C8A808200E7A325 /* Cells */ = {
			isa = PBXGroup;
			children = (
				26DBCB6F1C8B312D00E7A325 /* SwitchCell.h */,
				26DBCB701C8B312D00E7A325 /* SwitchCell.m */,
				26DBCB721C8B314C00E7A325 /* SwitchCell.xib */,
			);
			name = Cells;
			sourceTree = "<group>";
		};
		FA62C60C1C4FCAC8004DC048 /* PrayTimes */ = {
			isa = PBXGroup;
			children = (
				FA62C6131C4FD171004DC048 /* PrayTime.h */,
				FA62C6141C4FD171004DC048 /* PrayTime.m */,
			);
			path = PrayTimes;
			sourceTree = "<group>";
		};
		FAA61CF11BF921A0001C450E = {
			isa = PBXGroup;
			children = (
				2601533B1C2E50510035E758 /* CoreLocation.framework */,
				FAA61CFC1BF921A0001C450E /* UmmAlQura */,
				FAA61D161BF921A0001C450E /* UmmAlQuraTests */,
				FAA61D211BF921A0001C450E /* UmmAlQuraUITests */,
				FAA61CFB1BF921A0001C450E /* Products */,
			);
			sourceTree = "<group>";
		};
		FAA61CFB1BF921A0001C450E /* Products */ = {
			isa = PBXGroup;
			children = (
				FAA61CFA1BF921A0001C450E /* UmmAlQura.app */,
				FAA61D131BF921A0001C450E /* UmmAlQuraTests.xctest */,
				FAA61D1E1BF921A0001C450E /* UmmAlQuraUITests.xctest */,
			);
			name = Products;
			sourceTree = "<group>";
		};
		FAA61CFC1BF921A0001C450E /* UmmAlQura */ = {
			isa = PBXGroup;
			children = (
				FAA61D001BF921A0001C450E /* AppDelegate.h */,
				FAA61D011BF921A0001C450E /* AppDelegate.m */,
				260153591C31DBC40035E758 /* UmmAlQuraManager.h */,
				2601535A1C31DBC40035E758 /* UmmAlQuraManager.m */,
				FA77306C1C43DB3900C7BEF7 /* UmmAlQuraUtilities.h */,
				FA77306D1C43DB3900C7BEF7 /* UmmAlQuraUtilities.m */,
				26425A631C3AF46D00549DB9 /* Controller */,
				26425A621C3AF44700549DB9 /* View */,
				FAA61D091BF921A0001C450E /* Assets.xcassets */,
				266A01F81C2C8CDB00236507 /* AppConstants.h */,
				266A01F91C2C8CDB00236507 /* AppConstants.m */,
				260153541C2F0A6C0035E758 /* Localizable.strings */,
				FAA61D0E1BF921A0001C450E /* Info.plist */,
				260153471C2F06DF0035E758 /* Libraries */,
				FAA61CFD1BF921A0001C450E /* Supporting Files */,
			);
			path = UmmAlQura;
			sourceTree = "<group>";
		};
		FAA61CFD1BF921A0001C450E /* Supporting Files */ = {
			isa = PBXGroup;
			children = (
				FAA61CFE1BF921A0001C450E /* main.m */,
			);
			name = "Supporting Files";
			sourceTree = "<group>";
		};
		FAA61D161BF921A0001C450E /* UmmAlQuraTests */ = {
			isa = PBXGroup;
			children = (
				FAA61D171BF921A0001C450E /* UmmAlQuraTests.m */,
				FAA61D191BF921A0001C450E /* Info.plist */,
			);
			path = UmmAlQuraTests;
			sourceTree = "<group>";
		};
		FAA61D211BF921A0001C450E /* UmmAlQuraUITests */ = {
			isa = PBXGroup;
			children = (
				FAA61D221BF921A0001C450E /* UmmAlQuraUITests.m */,
				FAA61D241BF921A0001C450E /* Info.plist */,
			);
			path = UmmAlQuraUITests;
			sourceTree = "<group>";
		};
/* End PBXGroup section */

/* Begin PBXNativeTarget section */
		FAA61CF91BF921A0001C450E /* UmmAlQura */ = {
			isa = PBXNativeTarget;
			buildConfigurationList = FAA61D271BF921A0001C450E /* Build configuration list for PBXNativeTarget "UmmAlQura" */;
			buildPhases = (
				FAA61CF61BF921A0001C450E /* Sources */,
				FAA61CF71BF921A0001C450E /* Frameworks */,
				FAA61CF81BF921A0001C450E /* Resources */,
			);
			buildRules = (
			);
			dependencies = (
			);
			name = UmmAlQura;
			productName = UmmAlQura;
			productReference = FAA61CFA1BF921A0001C450E /* UmmAlQura.app */;
			productType = "com.apple.product-type.application";
		};
		FAA61D121BF921A0001C450E /* UmmAlQuraTests */ = {
			isa = PBXNativeTarget;
			buildConfigurationList = FAA61D2A1BF921A0001C450E /* Build configuration list for PBXNativeTarget "UmmAlQuraTests" */;
			buildPhases = (
				FAA61D0F1BF921A0001C450E /* Sources */,
				FAA61D101BF921A0001C450E /* Frameworks */,
				FAA61D111BF921A0001C450E /* Resources */,
			);
			buildRules = (
			);
			dependencies = (
				FAA61D151BF921A0001C450E /* PBXTargetDependency */,
			);
			name = UmmAlQuraTests;
			productName = UmmAlQuraTests;
			productReference = FAA61D131BF921A0001C450E /* UmmAlQuraTests.xctest */;
			productType = "com.apple.product-type.bundle.unit-test";
		};
		FAA61D1D1BF921A0001C450E /* UmmAlQuraUITests */ = {
			isa = PBXNativeTarget;
			buildConfigurationList = FAA61D2D1BF921A0001C450E /* Build configuration list for PBXNativeTarget "UmmAlQuraUITests" */;
			buildPhases = (
				FAA61D1A1BF921A0001C450E /* Sources */,
				FAA61D1B1BF921A0001C450E /* Frameworks */,
				FAA61D1C1BF921A0001C450E /* Resources */,
			);
			buildRules = (
			);
			dependencies = (
				FAA61D201BF921A0001C450E /* PBXTargetDependency */,
			);
			name = UmmAlQuraUITests;
			productName = UmmAlQuraUITests;
			productReference = FAA61D1E1BF921A0001C450E /* UmmAlQuraUITests.xctest */;
			productType = "com.apple.product-type.bundle.ui-testing";
		};
/* End PBXNativeTarget section */

/* Begin PBXProject section */
		FAA61CF21BF921A0001C450E /* Project object */ = {
			isa = PBXProject;
			attributes = {
				KnownAssetTags = (
					3,
				);
				LastUpgradeCheck = 0710;
				ORGANIZATIONNAME = KACST;
				TargetAttributes = {
					FAA61CF91BF921A0001C450E = {
						CreatedOnToolsVersion = 7.1.1;
						DevelopmentTeam = 328T3E4F4D;
					};
					FAA61D121BF921A0001C450E = {
						CreatedOnToolsVersion = 7.1.1;
						TestTargetID = FAA61CF91BF921A0001C450E;
					};
					FAA61D1D1BF921A0001C450E = {
						CreatedOnToolsVersion = 7.1.1;
						TestTargetID = FAA61CF91BF921A0001C450E;
					};
				};
			};
			buildConfigurationList = FAA61CF51BF921A0001C450E /* Build configuration list for PBXProject "UmmAlQura" */;
			compatibilityVersion = "Xcode 3.2";
			developmentRegion = English;
			hasScannedForEncodings = 0;
			knownRegions = (
				en,
				Base,
				ar,
			);
			mainGroup = FAA61CF11BF921A0001C450E;
			productRefGroup = FAA61CFB1BF921A0001C450E /* Products */;
			projectDirPath = "";
			projectRoot = "";
			targets = (
				FAA61CF91BF921A0001C450E /* UmmAlQura */,
				FAA61D121BF921A0001C450E /* UmmAlQuraTests */,
				FAA61D1D1BF921A0001C450E /* UmmAlQuraUITests */,
			);
		};
/* End PBXProject section */

/* Begin PBXResourcesBuildPhase section */
		FAA61CF81BF921A0001C450E /* Resources */ = {
			isa = PBXResourcesBuildPhase;
			buildActionMask = 2147483647;
			files = (
				FAA61D0D1BF921A0001C450E /* LaunchScreen.storyboard in Resources */,
				260153521C2F0A6C0035E758 /* Localizable.strings in Resources */,
				FAA61D0A1BF921A0001C450E /* Assets.xcassets in Resources */,
				FAA61D081BF921A0001C450E /* Main.storyboard in Resources */,
				26DBCB731C8B314C00E7A325 /* SwitchCell.xib in Resources */,
			);
			runOnlyForDeploymentPostprocessing = 0;
		};
		FAA61D111BF921A0001C450E /* Resources */ = {
			isa = PBXResourcesBuildPhase;
			buildActionMask = 2147483647;
			files = (
			);
			runOnlyForDeploymentPostprocessing = 0;
		};
		FAA61D1C1BF921A0001C450E /* Resources */ = {
			isa = PBXResourcesBuildPhase;
			buildActionMask = 2147483647;
			files = (
			);
			runOnlyForDeploymentPostprocessing = 0;
		};
/* End PBXResourcesBuildPhase section */

/* Begin PBXSourcesBuildPhase section */
		FAA61CF61BF921A0001C450E /* Sources */ = {
			isa = PBXSourcesBuildPhase;
			buildActionMask = 2147483647;
			files = (
				FA77306E1C43DB3900C7BEF7 /* UmmAlQuraUtilities.m in Sources */,
				266A01FA1C2C8CDB00236507 /* AppConstants.m in Sources */,
				FA5D6B151C026C24006CD077 /* TestVC.m in Sources */,
				FA7730711C4CCCB500C7BEF7 /* QiblahVC.m in Sources */,
				26DBCB711C8B312D00E7A325 /* SwitchCell.m in Sources */,
				FAA61D051BF921A0001C450E /* UmmAlQuraVC.m in Sources */,
				2601535B1C31DBC40035E758 /* UmmAlQuraManager.m in Sources */,
				26DBCB6D1C8A7F1000E7A325 /* LocationSettingsVC.m in Sources */,
				FA62C6151C4FD171004DC048 /* PrayTime.m in Sources */,
				FAA61D021BF921A0001C450E /* AppDelegate.m in Sources */,
				26DBCB6A1C8A7A9D00E7A325 /* GeoPointCompass.m in Sources */,
				FA62C5FD1C4F9B30004DC048 /* DateVC.m in Sources */,
				FAA61CFF1BF921A0001C450E /* main.m in Sources */,
			);
			runOnlyForDeploymentPostprocessing = 0;
		};
		FAA61D0F1BF921A0001C450E /* Sources */ = {
			isa = PBXSourcesBuildPhase;
			buildActionMask = 2147483647;
			files = (
				FAA61D181BF921A0001C450E /* UmmAlQuraTests.m in Sources */,
			);
			runOnlyForDeploymentPostprocessing = 0;
		};
		FAA61D1A1BF921A0001C450E /* Sources */ = {
			isa = PBXSourcesBuildPhase;
			buildActionMask = 2147483647;
			files = (
				FAA61D231BF921A0001C450E /* UmmAlQuraUITests.m in Sources */,
			);
			runOnlyForDeploymentPostprocessing = 0;
		};
/* End PBXSourcesBuildPhase section */

/* Begin PBXTargetDependency section */
		FAA61D151BF921A0001C450E /* PBXTargetDependency */ = {
			isa = PBXTargetDependency;
			target = FAA61CF91BF921A0001C450E /* UmmAlQura */;
			targetProxy = FAA61D141BF921A0001C450E /* PBXContainerItemProxy */;
		};
		FAA61D201BF921A0001C450E /* PBXTargetDependency */ = {
			isa = PBXTargetDependency;
			target = FAA61CF91BF921A0001C450E /* UmmAlQura */;
			targetProxy = FAA61D1F1BF921A0001C450E /* PBXContainerItemProxy */;
		};
/* End PBXTargetDependency section */

/* Begin PBXVariantGroup section */
		260153541C2F0A6C0035E758 /* Localizable.strings */ = {
			isa = PBXVariantGroup;
			children = (
				260153581C2F3B030035E758 /* Base */,
				26425A651C3B032900549DB9 /* ar */,
			);
			name = Localizable.strings;
			sourceTree = "<group>";
		};
		FAA61D061BF921A0001C450E /* Main.storyboard */ = {
			isa = PBXVariantGroup;
			children = (
				FAA61D071BF921A0001C450E /* Base */,
				FA62C6171C50F93B004DC048 /* ar */,
			);
			name = Main.storyboard;
			sourceTree = "<group>";
		};
		FAA61D0B1BF921A0001C450E /* LaunchScreen.storyboard */ = {
			isa = PBXVariantGroup;
			children = (
				FAA61D0C1BF921A0001C450E /* Base */,
			);
			name = LaunchScreen.storyboard;
			sourceTree = "<group>";
		};
/* End PBXVariantGroup section */

/* Begin XCBuildConfiguration section */
		FAA61D251BF921A0001C450E /* Debug */ = {
			isa = XCBuildConfiguration;
			buildSettings = {
				ALWAYS_SEARCH_USER_PATHS = NO;
				CLANG_CXX_LANGUAGE_STANDARD = "gnu++0x";
				CLANG_CXX_LIBRARY = "libc++";
				CLANG_ENABLE_MODULES = YES;
				CLANG_ENABLE_OBJC_ARC = YES;
				CLANG_WARN_BOOL_CONVERSION = YES;
				CLANG_WARN_CONSTANT_CONVERSION = YES;
				CLANG_WARN_DIRECT_OBJC_ISA_USAGE = YES_ERROR;
				CLANG_WARN_EMPTY_BODY = YES;
				CLANG_WARN_ENUM_CONVERSION = YES;
				CLANG_WARN_INT_CONVERSION = YES;
				CLANG_WARN_OBJC_ROOT_CLASS = YES_ERROR;
				CLANG_WARN_UNREACHABLE_CODE = YES;
				CLANG_WARN__DUPLICATE_METHOD_MATCH = YES;
				"CODE_SIGN_IDENTITY[sdk=iphoneos*]" = "iPhone Developer";
				COPY_PHASE_STRIP = NO;
				DEBUG_INFORMATION_FORMAT = dwarf;
				ENABLE_STRICT_OBJC_MSGSEND = YES;
				ENABLE_TESTABILITY = YES;
				GCC_C_LANGUAGE_STANDARD = gnu99;
				GCC_DYNAMIC_NO_PIC = NO;
				GCC_NO_COMMON_BLOCKS = YES;
				GCC_OPTIMIZATION_LEVEL = 0;
				GCC_PREPROCESSOR_DEFINITIONS = (
					"DEBUG=1",
					"$(inherited)",
				);
				GCC_WARN_64_TO_32_BIT_CONVERSION = YES;
				GCC_WARN_ABOUT_RETURN_TYPE = YES_ERROR;
				GCC_WARN_UNDECLARED_SELECTOR = YES;
				GCC_WARN_UNINITIALIZED_AUTOS = YES_AGGRESSIVE;
				GCC_WARN_UNUSED_FUNCTION = YES;
				GCC_WARN_UNUSED_VARIABLE = YES;
				IPHONEOS_DEPLOYMENT_TARGET = 9.1;
				MTL_ENABLE_DEBUG_INFO = YES;
				ONLY_ACTIVE_ARCH = YES;
				SDKROOT = iphoneos;
			};
			name = Debug;
		};
		FAA61D261BF921A0001C450E /* Release */ = {
			isa = XCBuildConfiguration;
			buildSettings = {
				ALWAYS_SEARCH_USER_PATHS = NO;
				CLANG_CXX_LANGUAGE_STANDARD = "gnu++0x";
				CLANG_CXX_LIBRARY = "libc++";
				CLANG_ENABLE_MODULES = YES;
				CLANG_ENABLE_OBJC_ARC = YES;
				CLANG_WARN_BOOL_CONVERSION = YES;
				CLANG_WARN_CONSTANT_CONVERSION = YES;
				CLANG_WARN_DIRECT_OBJC_ISA_USAGE = YES_ERROR;
				CLANG_WARN_EMPTY_BODY = YES;
				CLANG_WARN_ENUM_CONVERSION = YES;
				CLANG_WARN_INT_CONVERSION = YES;
				CLANG_WARN_OBJC_ROOT_CLASS = YES_ERROR;
				CLANG_WARN_UNREACHABLE_CODE = YES;
				CLANG_WARN__DUPLICATE_METHOD_MATCH = YES;
				"CODE_SIGN_IDENTITY[sdk=iphoneos*]" = "iPhone Developer";
				COPY_PHASE_STRIP = NO;
				DEBUG_INFORMATION_FORMAT = "dwarf-with-dsym";
				ENABLE_NS_ASSERTIONS = NO;
				ENABLE_STRICT_OBJC_MSGSEND = YES;
				GCC_C_LANGUAGE_STANDARD = gnu99;
				GCC_NO_COMMON_BLOCKS = YES;
				GCC_WARN_64_TO_32_BIT_CONVERSION = YES;
				GCC_WARN_ABOUT_RETURN_TYPE = YES_ERROR;
				GCC_WARN_UNDECLARED_SELECTOR = YES;
				GCC_WARN_UNINITIALIZED_AUTOS = YES_AGGRESSIVE;
				GCC_WARN_UNUSED_FUNCTION = YES;
				GCC_WARN_UNUSED_VARIABLE = YES;
				IPHONEOS_DEPLOYMENT_TARGET = 9.1;
				MTL_ENABLE_DEBUG_INFO = NO;
				SDKROOT = iphoneos;
				VALIDATE_PRODUCT = YES;
			};
			name = Release;
		};
		FAA61D281BF921A0001C450E /* Debug */ = {
			isa = XCBuildConfiguration;
			buildSettings = {
				ASSETCATALOG_COMPILER_APPICON_NAME = AppIcon;
				CODE_SIGN_IDENTITY = "iPhone Developer";
				INFOPLIST_FILE = UmmAlQura/Info.plist;
				LD_RUNPATH_SEARCH_PATHS = "$(inherited) @executable_path/Frameworks";
				PRODUCT_BUNDLE_IDENTIFIER = sa.edu.kacst.UmmAlQura;
				PRODUCT_NAME = "$(TARGET_NAME)";
			};
			name = Debug;
		};
		FAA61D291BF921A0001C450E /* Release */ = {
			isa = XCBuildConfiguration;
			buildSettings = {
				ASSETCATALOG_COMPILER_APPICON_NAME = AppIcon;
				CODE_SIGN_IDENTITY = "iPhone Developer";
				INFOPLIST_FILE = UmmAlQura/Info.plist;
				LD_RUNPATH_SEARCH_PATHS = "$(inherited) @executable_path/Frameworks";
				PRODUCT_BUNDLE_IDENTIFIER = sa.edu.kacst.UmmAlQura;
				PRODUCT_NAME = "$(TARGET_NAME)";
			};
			name = Release;
		};
		FAA61D2B1BF921A0001C450E /* Debug */ = {
			isa = XCBuildConfiguration;
			buildSettings = {
				BUNDLE_LOADER = "$(TEST_HOST)";
				INFOPLIST_FILE = UmmAlQuraTests/Info.plist;
				LD_RUNPATH_SEARCH_PATHS = "$(inherited) @executable_path/Frameworks @loader_path/Frameworks";
				PRODUCT_BUNDLE_IDENTIFIER = sa.edu.kacst.UmmAlQuraTests;
				PRODUCT_NAME = "$(TARGET_NAME)";
				TEST_HOST = "$(BUILT_PRODUCTS_DIR)/UmmAlQura.app/UmmAlQura";
			};
			name = Debug;
		};
		FAA61D2C1BF921A0001C450E /* Release */ = {
			isa = XCBuildConfiguration;
			buildSettings = {
				BUNDLE_LOADER = "$(TEST_HOST)";
				INFOPLIST_FILE = UmmAlQuraTests/Info.plist;
				LD_RUNPATH_SEARCH_PATHS = "$(inherited) @executable_path/Frameworks @loader_path/Frameworks";
				PRODUCT_BUNDLE_IDENTIFIER = sa.edu.kacst.UmmAlQuraTests;
				PRODUCT_NAME = "$(TARGET_NAME)";
				TEST_HOST = "$(BUILT_PRODUCTS_DIR)/UmmAlQura.app/UmmAlQura";
			};
			name = Release;
		};
		FAA61D2E1BF921A0001C450E /* Debug */ = {
			isa = XCBuildConfiguration;
			buildSettings = {
				INFOPLIST_FILE = UmmAlQuraUITests/Info.plist;
				LD_RUNPATH_SEARCH_PATHS = "$(inherited) @executable_path/Frameworks @loader_path/Frameworks";
				PRODUCT_BUNDLE_IDENTIFIER = sa.edu.kacst.UmmAlQuraUITests;
				PRODUCT_NAME = "$(TARGET_NAME)";
				TEST_TARGET_NAME = UmmAlQura;
				USES_XCTRUNNER = YES;
			};
			name = Debug;
		};
		FAA61D2F1BF921A0001C450E /* Release */ = {
			isa = XCBuildConfiguration;
			buildSettings = {
				INFOPLIST_FILE = UmmAlQuraUITests/Info.plist;
				LD_RUNPATH_SEARCH_PATHS = "$(inherited) @executable_path/Frameworks @loader_path/Frameworks";
				PRODUCT_BUNDLE_IDENTIFIER = sa.edu.kacst.UmmAlQuraUITests;
				PRODUCT_NAME = "$(TARGET_NAME)";
				TEST_TARGET_NAME = UmmAlQura;
				USES_XCTRUNNER = YES;
			};
			name = Release;
		};
/* End XCBuildConfiguration section */

/* Begin XCConfigurationList section */
		FAA61CF51BF921A0001C450E /* Build configuration list for PBXProject "UmmAlQura" */ = {
			isa = XCConfigurationList;
			buildConfigurations = (
				FAA61D251BF921A0001C450E /* Debug */,
				FAA61D261BF921A0001C450E /* Release */,
			);
			defaultConfigurationIsVisible = 0;
			defaultConfigurationName = Release;
		};
		FAA61D271BF921A0001C450E /* Build configuration list for PBXNativeTarget "UmmAlQura" */ = {
			isa = XCConfigurationList;
			buildConfigurations = (
				FAA61D281BF921A0001C450E /* Debug */,
				FAA61D291BF921A0001C450E /* Release */,
			);
			defaultConfigurationIsVisible = 0;
			defaultConfigurationName = Release;
		};
		FAA61D2A1BF921A0001C450E /* Build configuration list for PBXNativeTarget "UmmAlQuraTests" */ = {
			isa = XCConfigurationList;
			buildConfigurations = (
				FAA61D2B1BF921A0001C450E /* Debug */,
				FAA61D2C1BF921A0001C450E /* Release */,
			);
			defaultConfigurationIsVisible = 0;
			defaultConfigurationName = Release;
		};
		FAA61D2D1BF921A0001C450E /* Build configuration list for PBXNativeTarget "UmmAlQuraUITests" */ = {
			isa = XCConfigurationList;
			buildConfigurations = (
				FAA61D2E1BF921A0001C450E /* Debug */,
				FAA61D2F1BF921A0001C450E /* Release */,
			);
			defaultConfigurationIsVisible = 0;
			defaultConfigurationName = Release;
		};
/* End XCConfigurationList section */
	};
	rootObject = FAA61CF21BF921A0001C450E /* Project object */;
}
